// !$*UTF8*$!
{
	archiveVersion = 1;
	classes = {
	};
	objectVersion = 77;
	objects = {

/* Begin PBXBuildFile section */
		058BE2FBDAFAC2B9C0F5CBE0 /* AglynUI in Frameworks */ = {isa = PBXBuildFile; productRef = C0D558E4F96C628AE84471C7 /* AglynUI */;};
		0B38D9D536FC30C43833E27F /* AglynPluginHost in Frameworks */ = {isa = PBXBuildFile; productRef = 2348D26AB644D2C74E427C34 /* AglynPluginHost */;};
		11C0F019B07A335DCE37A9B6 /* AglynPluginManifest in Frameworks */ = {isa = PBXBuildFile; productRef = 5F43A653C8016ECEDE7F3494 /* AglynPluginManifest */;};
		2A1056D43629D16633634008 /* AglynPluginManifest in Frameworks */ = {isa = PBXBuildFile; productRef = 2774135650C189CE1AC5F22D /* AglynPluginManifest */;};
		78DE65CB5112A0F0CF96ADD6 /* AglynPluginHost in Frameworks */ = {isa = PBXBuildFile; productRef = C435DE73170A1D1733129D38 /* AglynPluginHost */;};
		A1C0DE5C2EE5A0B1C2D3E4F2 /* AglynScreens in Frameworks */ = {isa = PBXBuildFile; productRef = A1C0DE5C2EE5A0B1C2D3E4F1 /* AglynScreens */;};
		A1C0DE5C2EE5A0B1C2D3E4F4 /* AglynScreens in Frameworks */ = {isa = PBXBuildFile; productRef = A1C0DE5C2EE5A0B1C2D3E4F3 /* AglynScreens */;};
		7FAF154C0D7D52ED8B4D6323 /* AglynWebView in Frameworks */ = {isa = PBXBuildFile; productRef = F19172E2A4D584DACAD6A594 /* AglynWebView */;};
		A1C3E5F7092B4D6F8A1C3E51 /* AglynSite in Frameworks */ = {isa = PBXBuildFile; productRef = A1C3E5F7092B4D6F8A1C3E53 /* AglynSite */;};
		A1C3E5F7092B4D6F8A1C3E52 /* AglynSite in Frameworks */ = {isa = PBXBuildFile; productRef = A1C3E5F7092B4D6F8A1C3E54 /* AglynSite */;};
		A6CA093CD1484E6AC4872910 /* AglynWebView in Frameworks */ = {isa = PBXBuildFile; productRef = 712ED5AA68C7A7EBF31F5EE6 /* AglynWebView */;};
		EC691EE962914266AF74A218 /* AglynCore in Frameworks */ = {isa = PBXBuildFile; productRef = 85B2DD35A9B4231F9A5BD6CB /* AglynCore */;};
		FBC11AC5DE57659B6C98B2E2 /* AglynUI in Frameworks */ = {isa = PBXBuildFile; productRef = EB7E3D0CC9CB308D2A421593 /* AglynUI */;};
		FDF6B656383E6795DC7954A3 /* AglynCore in Frameworks */ = {isa = PBXBuildFile; productRef = A230C080FD52708384E12A8E /* AglynCore */;};
/* End PBXBuildFile section */

/* Begin PBXContainerItemProxy section */
		2042F15CB38FCBA516749C86 /* PBXContainerItemProxy */ = {isa = PBXContainerItemProxy; containerPortal = F81575E8A1B51231D0991676 /* Project object */; proxyType = 1; remoteGlobalIDString = 68942C49A17E4C6ADE1A6D3E; remoteInfo = Aglyn;};
		E57F64433FDD93C395BD6547 /* PBXContainerItemProxy */ = {isa = PBXContainerItemProxy; containerPortal = F81575E8A1B51231D0991676 /* Project object */; proxyType = 1; remoteGlobalIDString = 68942C49A17E4C6ADE1A6D3E; remoteInfo = Aglyn;};
/* End PBXContainerItemProxy section */

/* Begin PBXFileReference section */
		1C2568FCE8B5DD8FF9CCACB6 /* AglynPOS-Info.plist */ = {isa = PBXFileReference; lastKnownFileType = text.plist.xml; path = AglynPOS-Info.plist; sourceTree = "<group>";};
		20018772F857A70669D98455 /* Production.xcconfig.example */ = {isa = PBXFileReference; lastKnownFileType = text; path = Production.xcconfig.example; sourceTree = "<group>";};
		49859625B8F8BA3DE489E32C /* Aglyn POS.app */ = {isa = PBXFileReference; explicitFileType = wrapper.application; includeInIndex = 0; path = "Aglyn POS.app"; sourceTree = BUILT_PRODUCTS_DIR;};
		6D3B2E60AEDB464D7869EE42 /* AglynUITests.xctest */ = {isa = PBXFileReference; explicitFileType = wrapper.cfbundle; includeInIndex = 0; path = AglynUITests.xctest; sourceTree = BUILT_PRODUCTS_DIR;};
		8459BA2D286ABC42C523D2C6 /* Aglyn-Info.plist */ = {isa = PBXFileReference; lastKnownFileType = text.plist.xml; path = Aglyn-Info.plist; sourceTree = "<group>";};
		85A86B7F97F63B3083DEFEF2 /* AglynTests.xctest */ = {isa = PBXFileReference; explicitFileType = wrapper.cfbundle; includeInIndex = 0; path = AglynTests.xctest; sourceTree = BUILT_PRODUCTS_DIR;};
		9C23C4EB647FEBC7F2FC4D2B /* Aglyn.app */ = {isa = PBXFileReference; explicitFileType = wrapper.application; includeInIndex = 0; path = Aglyn.app; sourceTree = BUILT_PRODUCTS_DIR;};
		DF8CE46B65B768B36D0025E5 /* Emulator.xcconfig */ = {isa = PBXFileReference; lastKnownFileType = text.xcconfig; path = Emulator.xcconfig; sourceTree = "<group>";};
/* End PBXFileReference section */

/* Begin PBXFileSystemSynchronizedRootGroup section */
		1727CF6B6DF9B1A8C2469B82 /* AglynUITests */ = {isa = PBXFileSystemSynchronizedRootGroup; path = AglynUITests; sourceTree = "<group>";};
		18F7ACCA1AE5BE573E1DBD13 /* Aglyn */ = {isa = PBXFileSystemSynchronizedRootGroup; path = Aglyn; sourceTree = "<group>";};
		4BE0603DA7E7C56E036B8AA6 /* Shared */ = {isa = PBXFileSystemSynchronizedRootGroup; path = Shared; sourceTree = "<group>";};
		B15DE94B1DAF90BD261F05CA /* AglynTests */ = {isa = PBXFileSystemSynchronizedRootGroup; path = AglynTests; sourceTree = "<group>";};
		DA256B50D5FB4DDCDF7F6795 /* AglynPOS */ = {isa = PBXFileSystemSynchronizedRootGroup; path = AglynPOS; sourceTree = "<group>";};
/* End PBXFileSystemSynchronizedRootGroup section */

/* Begin PBXFrameworksBuildPhase section */
		7E70B9ED469792A7919138E9 /* Frameworks */ = {isa = PBXFrameworksBuildPhase; buildActionMask = 2147483647; files = (FDF6B656383E6795DC7954A3 /* AglynCore in Frameworks */, FBC11AC5DE57659B6C98B2E2 /* AglynUI in Frameworks */, A6CA093CD1484E6AC4872910 /* AglynWebView in Frameworks */, 0B38D9D536FC30C43833E27F /* AglynPluginHost in Frameworks */, A1C0DE5C2EE5A0B1C2D3E4F4 /* AglynScreens in Frameworks */, A1C3E5F7092B4D6F8A1C3E52 /* AglynSite in Frameworks */, 11C0F019B07A335DCE37A9B6 /* AglynPluginManifest in Frameworks */, ); runOnlyForDeploymentPostprocessing = 0;};
		7EF7212FFAB3D64942F99D8F /* Frameworks */ = {isa = PBXFrameworksBuildPhase; buildActionMask = 2147483647; files = (); runOnlyForDeploymentPostprocessing = 0;};
		B03C8FDECC56C77B696ACDA8 /* Frameworks */ = {isa = PBXFrameworksBuildPhase; buildActionMask = 2147483647; files = (); runOnlyForDeploymentPostprocessing = 0;};
		CF5B116BF426BD1B81B7A384 /* Frameworks */ = {isa = PBXFrameworksBuildPhase; buildActionMask = 2147483647; files = (EC691EE962914266AF74A218 /* AglynCore in Frameworks */, 058BE2FBDAFAC2B9C0F5CBE0 /* AglynUI in Frameworks */, 7FAF154C0D7D52ED8B4D6323 /* AglynWebView in Frameworks */, 78DE65CB5112A0F0CF96ADD6 /* AglynPluginHost in Frameworks */, A1C0DE5C2EE5A0B1C2D3E4F2 /* AglynScreens in Frameworks */, A1C3E5F7092B4D6F8A1C3E51 /* AglynSite in Frameworks */, 2A1056D43629D16633634008 /* AglynPluginManifest in Frameworks */, ); runOnlyForDeploymentPostprocessing = 0;};
/* End PBXFrameworksBuildPhase section */

/* Begin PBXGroup section */
		35BE34BF0AF3E2F892CCA168 /* Products */ = {isa = PBXGroup; children = (9C23C4EB647FEBC7F2FC4D2B /* Aglyn.app */, 49859625B8F8BA3DE489E32C /* Aglyn POS.app */, 85A86B7F97F63B3083DEFEF2 /* AglynTests.xctest */, 6D3B2E60AEDB464D7869EE42 /* AglynUITests.xctest */, ); name = Products; sourceTree = "<group>";};
		5A735D11D1AF69680B7052ED /* Config */ = {isa = PBXGroup; children = (DF8CE46B65B768B36D0025E5 /* Emulator.xcconfig */, 8459BA2D286ABC42C523D2C6 /* Aglyn-Info.plist */, 1C2568FCE8B5DD8FF9CCACB6 /* AglynPOS-Info.plist */, 20018772F857A70669D98455 /* Production.xcconfig.example */, ); path = Config; sourceTree = "<group>";};
		77FE7FC56D9F92F57DA8E84F /* main */ = {isa = PBXGroup; children = (18F7ACCA1AE5BE573E1DBD13 /* Aglyn */, DA256B50D5FB4DDCDF7F6795 /* AglynPOS */, 4BE0603DA7E7C56E036B8AA6 /* Shared */, B15DE94B1DAF90BD261F05CA /* AglynTests */, 1727CF6B6DF9B1A8C2469B82 /* AglynUITests */, 5A735D11D1AF69680B7052ED /* Config */, 35BE34BF0AF3E2F892CCA168 /* Products */, ); sourceTree = "<group>";};
/* End PBXGroup section */

/* Begin PBXNativeTarget section */
		68942C49A17E4C6ADE1A6D3E /* Aglyn */ = {isa = PBXNativeTarget; buildConfigurationList = 9D0C5C4F54D8D0015FBFBFCD /* Build configuration list for PBXNativeTarget "Aglyn" */; buildPhases = (0E911877359AFE0DB0CE2E58 /* Sources */, CF5B116BF426BD1B81B7A384 /* Frameworks */, B3E8CB7F84C18F25DD9BBC1A /* Resources */, ); buildRules = (); dependencies = (); fileSystemSynchronizedGroups = (18F7ACCA1AE5BE573E1DBD13 /* Aglyn */, 4BE0603DA7E7C56E036B8AA6 /* Shared */, ); name = Aglyn; packageProductDependencies = (85B2DD35A9B4231F9A5BD6CB /* AglynCore */, C0D558E4F96C628AE84471C7 /* AglynUI */, F19172E2A4D584DACAD6A594 /* AglynWebView */, C435DE73170A1D1733129D38 /* AglynPluginHost */, A1C0DE5C2EE5A0B1C2D3E4F1 /* AglynScreens */, A1C3E5F7092B4D6F8A1C3E53 /* AglynSite */, 2774135650C189CE1AC5F22D /* AglynPluginManifest */, ); productName = Aglyn; productReference = 9C23C4EB647FEBC7F2FC4D2B /* Aglyn.app */; productType = "com.apple.product-type.application";};
		C2F38140FFF9A5621AE32804 /* AglynUITests */ = {isa = PBXNativeTarget; buildConfigurationList = A975981D1FEAFD257ECD84A4 /* Build configuration list for PBXNativeTarget "AglynUITests" */; buildPhases = (509DF696594681A74E290128 /* Sources */, 7EF7212FFAB3D64942F99D8F /* Frameworks */, 3D52ECC1A3B487823486473B /* Resources */, ); buildRules = (); dependencies = (C00BE69345AFB79C13EE5288 /* PBXTargetDependency */, ); fileSystemSynchronizedGroups = (1727CF6B6DF9B1A8C2469B82 /* AglynUITests */, ); name = AglynUITests; packageProductDependencies = (); productName = AglynUITests; productReference = 6D3B2E60AEDB464D7869EE42 /* AglynUITests.xctest */; productType = "com.apple.product-type.bundle.ui-testing";};
		D42F61B98224E9BB060E4B3C /* AglynTests */ = {isa = PBXNativeTarget; buildConfigurationList = A5DBF1A1FA78B279ECAF1AA3 /* Build configuration list for PBXNativeTarget "AglynTests" */; buildPhases = (2FBA4FCA7D75D7A248A2610A /* Sources */, B03C8FDECC56C77B696ACDA8 /* Frameworks */, B4A0D8F8626A5EECA6BD9B3D /* Resources */, ); buildRules = (); dependencies = (EA0ABB92977A801742CFAC2D /* PBXTargetDependency */, ); fileSystemSynchronizedGroups = (B15DE94B1DAF90BD261F05CA /* AglynTests */, ); name = AglynTests; packageProductDependencies = (); productName = AglynTests; productReference = 85A86B7F97F63B3083DEFEF2 /* AglynTests.xctest */; productType = "com.apple.product-type.bundle.unit-test";};
		E80D5E694B8870324C007372 /* AglynPOS */ = {isa = PBXNativeTarget; buildConfigurationList = C548F7B561FEA6DF495ABC92 /* Build configuration list for PBXNativeTarget "AglynPOS" */; buildPhases = (DF11C775B5B61C3ECA8AA3C9 /* Sources */, 7E70B9ED469792A7919138E9 /* Frameworks */, 9CDEB3ADB0B9B265B5BA2BCB /* Resources */, ); buildRules = (); dependencies = (); fileSystemSynchronizedGroups = (DA256B50D5FB4DDCDF7F6795 /* AglynPOS */, 4BE0603DA7E7C56E036B8AA6 /* Shared */, ); name = AglynPOS; packageProductDependencies = (A230C080FD52708384E12A8E /* AglynCore */, EB7E3D0CC9CB308D2A421593 /* AglynUI */, 712ED5AA68C7A7EBF31F5EE6 /* AglynWebView */, 2348D26AB644D2C74E427C34 /* AglynPluginHost */, A1C0DE5C2EE5A0B1C2D3E4F3 /* AglynScreens */, A1C3E5F7092B4D6F8A1C3E54 /* AglynSite */, 5F43A653C8016ECEDE7F3494 /* AglynPluginManifest */, ); productName = AglynPOS; productReference = 49859625B8F8BA3DE489E32C /* Aglyn POS.app */; productType = "com.apple.product-type.application";};
/* End PBXNativeTarget section */

/* Begin PBXProject section */
		F81575E8A1B51231D0991676 /* Project object */ = {isa = PBXProject; attributes = { BuildIndependentTargetsInParallel = 1; LastSwiftUpdateCheck = 2700; LastUpgradeCheck = 2700; }; buildConfigurationList = 8758BB5A0BFE22E555C0B647 /* Build configuration list for PBXProject "Aglyn" */; developmentRegion = en; hasScannedForEncodings = 0; knownRegions = (en, Base, ); mainGroup = 77FE7FC56D9F92F57DA8E84F; minimizedProjectReferenceProxies = 1; preferredProjectObjectVersion = 77; productRefGroup = 35BE34BF0AF3E2F892CCA168 /* Products */; projectDirPath = ""; projectRoot = ""; packageReferences = (F135603571A1EB1F7141E8F0 /* XCLocalSwiftPackageReference "../../libs/native/apple" */, 86ADD362F3CE5DBB597D25C7 /* XCLocalSwiftPackageReference "PluginManifest" */, ); targets = (68942C49A17E4C6ADE1A6D3E /* Aglyn */, E80D5E694B8870324C007372 /* AglynPOS */, D42F61B98224E9BB060E4B3C /* AglynTests */, C2F38140FFF9A5621AE32804 /* AglynUITests */, );};
/* End PBXProject section */

/* Begin PBXResourcesBuildPhase section */
		3D52ECC1A3B487823486473B /* Resources */ = {isa = PBXResourcesBuildPhase; buildActionMask = 2147483647; files = (); runOnlyForDeploymentPostprocessing = 0;};
		9CDEB3ADB0B9B265B5BA2BCB /* Resources */ = {isa = PBXResourcesBuildPhase; buildActionMask = 2147483647; files = (); runOnlyForDeploymentPostprocessing = 0;};
		B3E8CB7F84C18F25DD9BBC1A /* Resources */ = {isa = PBXResourcesBuildPhase; buildActionMask = 2147483647; files = (); runOnlyForDeploymentPostprocessing = 0;};
		B4A0D8F8626A5EECA6BD9B3D /* Resources */ = {isa = PBXResourcesBuildPhase; buildActionMask = 2147483647; files = (); runOnlyForDeploymentPostprocessing = 0;};
/* End PBXResourcesBuildPhase section */

/* Begin PBXSourcesBuildPhase section */
		0E911877359AFE0DB0CE2E58 /* Sources */ = {isa = PBXSourcesBuildPhase; buildActionMask = 2147483647; files = (); runOnlyForDeploymentPostprocessing = 0;};
		2FBA4FCA7D75D7A248A2610A /* Sources */ = {isa = PBXSourcesBuildPhase; buildActionMask = 2147483647; files = (); runOnlyForDeploymentPostprocessing = 0;};
		509DF696594681A74E290128 /* Sources */ = {isa = PBXSourcesBuildPhase; buildActionMask = 2147483647; files = (); runOnlyForDeploymentPostprocessing = 0;};
		DF11C775B5B61C3ECA8AA3C9 /* Sources */ = {isa = PBXSourcesBuildPhase; buildActionMask = 2147483647; files = (); runOnlyForDeploymentPostprocessing = 0;};
/* End PBXSourcesBuildPhase section */

/* Begin PBXTargetDependency section */
		C00BE69345AFB79C13EE5288 /* PBXTargetDependency */ = {isa = PBXTargetDependency; target = 68942C49A17E4C6ADE1A6D3E /* Aglyn */; targetProxy = E57F64433FDD93C395BD6547 /* PBXContainerItemProxy */;};
		EA0ABB92977A801742CFAC2D /* PBXTargetDependency */ = {isa = PBXTargetDependency; target = 68942C49A17E4C6ADE1A6D3E /* Aglyn */; targetProxy = 2042F15CB38FCBA516749C86 /* PBXContainerItemProxy */;};
/* End PBXTargetDependency section */

/* Begin XCBuildConfiguration section */
		046838507AF7B84E1E2E39B2 /* Release */ = {isa = XCBuildConfiguration; buildSettings = {SDKROOT = auto; SUPPORTED_PLATFORMS = "iphoneos iphonesimulator macosx"; SUPPORTS_MACCATALYST = NO; SUPPORTS_MAC_DESIGNED_FOR_IPHONE_IPAD = NO; SUPPORTS_XR_DESIGNED_FOR_IPHONE_IPAD = NO; TARGETED_DEVICE_FAMILY = "1,2"; IPHONEOS_DEPLOYMENT_TARGET = 17.0; MACOSX_DEPLOYMENT_TARGET = 14.0; SWIFT_VERSION = 5.0; CODE_SIGN_STYLE = Automatic; "CODE_SIGN_IDENTITY[sdk=macosx*]" = "-"; CURRENT_PROJECT_VERSION = 1; MARKETING_VERSION = 0.1.0; PRODUCT_BUNDLE_IDENTIFIER = com.aglyn.app.uitests; PRODUCT_NAME = "$(TARGET_NAME)"; GENERATE_INFOPLIST_FILE = YES; TEST_TARGET_NAME = Aglyn; }; name = Release;};
		3677C4F8A85D54C98C351B34 /* Release */ = {isa = XCBuildConfiguration; buildSettings = {SDKROOT = auto; SUPPORTED_PLATFORMS = "iphoneos iphonesimulator macosx"; SUPPORTS_MACCATALYST = NO; SUPPORTS_MAC_DESIGNED_FOR_IPHONE_IPAD = NO; SUPPORTS_XR_DESIGNED_FOR_IPHONE_IPAD = NO; TARGETED_DEVICE_FAMILY = "1,2"; IPHONEOS_DEPLOYMENT_TARGET = 17.0; MACOSX_DEPLOYMENT_TARGET = 14.0; SWIFT_VERSION = 5.0; CODE_SIGN_STYLE = Automatic; "CODE_SIGN_IDENTITY[sdk=macosx*]" = "-"; CURRENT_PROJECT_VERSION = 1; MARKETING_VERSION = 0.1.0; PRODUCT_BUNDLE_IDENTIFIER = com.aglyn.app.tests; PRODUCT_NAME = "$(TARGET_NAME)"; GENERATE_INFOPLIST_FILE = YES; TEST_TARGET_NAME = Aglyn; BUNDLE_LOADER = "$(TEST_HOST)"; TEST_HOST = "$(BUILT_PRODUCTS_DIR)/Aglyn.app/$(BUNDLE_EXECUTABLE_FOLDER_PATH)/Aglyn"; }; name = Release;};
		4539B7856029CD52DC9680B5 /* Debug */ = {isa = XCBuildConfiguration; buildSettings = {SDKROOT = auto; SUPPORTED_PLATFORMS = "iphoneos iphonesimulator macosx"; SUPPORTS_MACCATALYST = NO; SUPPORTS_MAC_DESIGNED_FOR_IPHONE_IPAD = NO; SUPPORTS_XR_DESIGNED_FOR_IPHONE_IPAD = NO; TARGETED_DEVICE_FAMILY = "1,2"; IPHONEOS_DEPLOYMENT_TARGET = 17.0; MACOSX_DEPLOYMENT_TARGET = 14.0; SWIFT_VERSION = 5.0; CODE_SIGN_STYLE = Automatic; "CODE_SIGN_IDENTITY[sdk=macosx*]" = "-"; CURRENT_PROJECT_VERSION = 1; MARKETING_VERSION = 0.1.0; ENABLE_PREVIEWS = YES; PRODUCT_BUNDLE_IDENTIFIER = com.aglyn.pos; PRODUCT_NAME = "Aglyn POS"; PRODUCT_MODULE_NAME = AglynPOS; INFOPLIST_FILE = Config/AglynPOS-Info.plist; GENERATE_INFOPLIST_FILE = YES; INFOPLIST_KEY_CFBundleDisplayName = "Aglyn POS"; INFOPLIST_KEY_LSApplicationCategoryType = "public.app-category.business"; INFOPLIST_KEY_UILaunchScreen_Generation = YES; INFOPLIST_KEY_UIApplicationSceneManifest_Generation = YES; INFOPLIST_KEY_UISupportedInterfaceOrientations_iPad = "UIInterfaceOrientationPortrait UIInterfaceOrientationPortraitUpsideDown UIInterfaceOrientationLandscapeLeft UIInterfaceOrientationLandscapeRight"; INFOPLIST_KEY_UISupportedInterfaceOrientations_iPhone = "UIInterfaceOrientationPortrait UIInterfaceOrientationLandscapeLeft UIInterfaceOrientationLandscapeRight"; ASSETCATALOG_COMPILER_APPICON_NAME = AppIcon; LD_RUNPATH_SEARCH_PATHS = "$(inherited) @executable_path/Frameworks"; "LD_RUNPATH_SEARCH_PATHS[sdk=macosx*]" = "$(inherited) @executable_path/../Frameworks"; ENABLE_HARDENED_RUNTIME = YES; SWIFT_EMIT_LOC_STRINGS = YES; }; name = Debug;};
		50DB49532CF3D84E07B1C9E6 /* Debug */ = {isa = XCBuildConfiguration; buildSettings = {SDKROOT = auto; SUPPORTED_PLATFORMS = "iphoneos iphonesimulator macosx"; SUPPORTS_MACCATALYST = NO; SUPPORTS_MAC_DESIGNED_FOR_IPHONE_IPAD = NO; SUPPORTS_XR_DESIGNED_FOR_IPHONE_IPAD = NO; TARGETED_DEVICE_FAMILY = "1,2"; IPHONEOS_DEPLOYMENT_TARGET = 17.0; MACOSX_DEPLOYMENT_TARGET = 14.0; SWIFT_VERSION = 5.0; CODE_SIGN_STYLE = Automatic; "CODE_SIGN_IDENTITY[sdk=macosx*]" = "-"; CURRENT_PROJECT_VERSION = 1; MARKETING_VERSION = 0.1.0; PRODUCT_BUNDLE_IDENTIFIER = com.aglyn.app.uitests; PRODUCT_NAME = "$(TARGET_NAME)"; GENERATE_INFOPLIST_FILE = YES; TEST_TARGET_NAME = Aglyn; }; name = Debug;};
		613F374DCBAB0956F5E15CD3 /* Release */ = {isa = XCBuildConfiguration; baseConfigurationReference = DF8CE46B65B768B36D0025E5 /* Emulator.xcconfig */; buildSettings = {ALWAYS_SEARCH_USER_PATHS = NO; ASSETCATALOG_COMPILER_GENERATE_SWIFT_ASSET_SYMBOL_EXTENSIONS = YES; CLANG_ENABLE_MODULES = YES; CLANG_ENABLE_OBJC_ARC = YES; ENABLE_STRICT_OBJC_MSGSEND = YES; ENABLE_USER_SCRIPT_SANDBOXING = YES; GCC_C_LANGUAGE_STANDARD = gnu17; LOCALIZATION_PREFERS_STRING_CATALOGS = YES; SWIFT_EMIT_LOC_STRINGS = YES; IPHONEOS_DEPLOYMENT_TARGET = 17.0; MACOSX_DEPLOYMENT_TARGET = 14.0; DEBUG_INFORMATION_FORMAT = "dwarf-with-dsym"; ENABLE_NS_ASSERTIONS = NO; SWIFT_COMPILATION_MODE = wholemodule; MTL_ENABLE_DEBUG_INFO = NO; }; name = Release;};
		6B2C87A3CB6B85DC7CF1B7A1 /* Release */ = {isa = XCBuildConfiguration; buildSettings = {SDKROOT = auto; SUPPORTED_PLATFORMS = "iphoneos iphonesimulator macosx"; SUPPORTS_MACCATALYST = NO; SUPPORTS_MAC_DESIGNED_FOR_IPHONE_IPAD = NO; SUPPORTS_XR_DESIGNED_FOR_IPHONE_IPAD = NO; TARGETED_DEVICE_FAMILY = "1,2"; IPHONEOS_DEPLOYMENT_TARGET = 17.0; MACOSX_DEPLOYMENT_TARGET = 14.0; SWIFT_VERSION = 5.0; CODE_SIGN_STYLE = Automatic; "CODE_SIGN_IDENTITY[sdk=macosx*]" = "-"; CURRENT_PROJECT_VERSION = 1; MARKETING_VERSION = 0.1.0; ENABLE_PREVIEWS = YES; PRODUCT_BUNDLE_IDENTIFIER = com.aglyn.pos; PRODUCT_NAME = "Aglyn POS"; PRODUCT_MODULE_NAME = AglynPOS; INFOPLIST_FILE = Config/AglynPOS-Info.plist; GENERATE_INFOPLIST_FILE = YES; INFOPLIST_KEY_CFBundleDisplayName = "Aglyn POS"; INFOPLIST_KEY_LSApplicationCategoryType = "public.app-category.business"; INFOPLIST_KEY_UILaunchScreen_Generation = YES; INFOPLIST_KEY_UIApplicationSceneManifest_Generation = YES; INFOPLIST_KEY_UISupportedInterfaceOrientations_iPad = "UIInterfaceOrientationPortrait UIInterfaceOrientationPortraitUpsideDown UIInterfaceOrientationLandscapeLeft UIInterfaceOrientationLandscapeRight"; INFOPLIST_KEY_UISupportedInterfaceOrientations_iPhone = "UIInterfaceOrientationPortrait UIInterfaceOrientationLandscapeLeft UIInterfaceOrientationLandscapeRight"; ASSETCATALOG_COMPILER_APPICON_NAME = AppIcon; LD_RUNPATH_SEARCH_PATHS = "$(inherited) @executable_path/Frameworks"; "LD_RUNPATH_SEARCH_PATHS[sdk=macosx*]" = "$(inherited) @executable_path/../Frameworks"; ENABLE_HARDENED_RUNTIME = YES; SWIFT_EMIT_LOC_STRINGS = YES; }; name = Release;};
		92156C0215C7DC1D84435696 /* Debug */ = {isa = XCBuildConfiguration; buildSettings = {SDKROOT = auto; SUPPORTED_PLATFORMS = "iphoneos iphonesimulator macosx"; SUPPORTS_MACCATALYST = NO; SUPPORTS_MAC_DESIGNED_FOR_IPHONE_IPAD = NO; SUPPORTS_XR_DESIGNED_FOR_IPHONE_IPAD = NO; TARGETED_DEVICE_FAMILY = "1,2"; IPHONEOS_DEPLOYMENT_TARGET = 17.0; MACOSX_DEPLOYMENT_TARGET = 14.0; SWIFT_VERSION = 5.0; CODE_SIGN_STYLE = Automatic; "CODE_SIGN_IDENTITY[sdk=macosx*]" = "-"; CURRENT_PROJECT_VERSION = 1; MARKETING_VERSION = 0.1.0; ENABLE_PREVIEWS = YES; PRODUCT_BUNDLE_IDENTIFIER = com.aglyn.app; PRODUCT_NAME = "$(TARGET_NAME)"; INFOPLIST_FILE = Config/Aglyn-Info.plist; GENERATE_INFOPLIST_FILE = YES; INFOPLIST_KEY_CFBundleDisplayName = Aglyn; INFOPLIST_KEY_LSApplicationCategoryType = "public.app-category.business"; INFOPLIST_KEY_UILaunchScreen_Generation = YES; INFOPLIST_KEY_UIApplicationSceneManifest_Generation = YES; INFOPLIST_KEY_UISupportedInterfaceOrientations_iPad = "UIInterfaceOrientationPortrait UIInterfaceOrientationPortraitUpsideDown UIInterfaceOrientationLandscapeLeft UIInterfaceOrientationLandscapeRight"; INFOPLIST_KEY_UISupportedInterfaceOrientations_iPhone = "UIInterfaceOrientationPortrait UIInterfaceOrientationLandscapeLeft UIInterfaceOrientationLandscapeRight"; ASSETCATALOG_COMPILER_APPICON_NAME = AppIcon; LD_RUNPATH_SEARCH_PATHS = "$(inherited) @executable_path/Frameworks"; "LD_RUNPATH_SEARCH_PATHS[sdk=macosx*]" = "$(inherited) @executable_path/../Frameworks"; ENABLE_HARDENED_RUNTIME = YES; SWIFT_EMIT_LOC_STRINGS = YES; }; name = Debug;};
		97C8BDCAFBA7E8923C387F8F /* Release */ = {isa = XCBuildConfiguration; buildSettings = {SDKROOT = auto; SUPPORTED_PLATFORMS = "iphoneos iphonesimulator macosx"; SUPPORTS_MACCATALYST = NO; SUPPORTS_MAC_DESIGNED_FOR_IPHONE_IPAD = NO; SUPPORTS_XR_DESIGNED_FOR_IPHONE_IPAD = NO; TARGETED_DEVICE_FAMILY = "1,2"; IPHONEOS_DEPLOYMENT_TARGET = 17.0; MACOSX_DEPLOYMENT_TARGET = 14.0; SWIFT_VERSION = 5.0; CODE_SIGN_STYLE = Automatic; "CODE_SIGN_IDENTITY[sdk=macosx*]" = "-"; CURRENT_PROJECT_VERSION = 1; MARKETING_VERSION = 0.1.0; ENABLE_PREVIEWS = YES; PRODUCT_BUNDLE_IDENTIFIER = com.aglyn.app; PRODUCT_NAME = "$(TARGET_NAME)"; INFOPLIST_FILE = Config/Aglyn-Info.plist; GENERATE_INFOPLIST_FILE = YES; INFOPLIST_KEY_CFBundleDisplayName = Aglyn; INFOPLIST_KEY_LSApplicationCategoryType = "public.app-category.business"; INFOPLIST_KEY_UILaunchScreen_Generation = YES; INFOPLIST_KEY_UIApplicationSceneManifest_Generation = YES; INFOPLIST_KEY_UISupportedInterfaceOrientations_iPad = "UIInterfaceOrientationPortrait UIInterfaceOrientationPortraitUpsideDown UIInterfaceOrientationLandscapeLeft UIInterfaceOrientationLandscapeRight"; INFOPLIST_KEY_UISupportedInterfaceOrientations_iPhone = "UIInterfaceOrientationPortrait UIInterfaceOrientationLandscapeLeft UIInterfaceOrientationLandscapeRight"; ASSETCATALOG_COMPILER_APPICON_NAME = AppIcon; LD_RUNPATH_SEARCH_PATHS = "$(inherited) @executable_path/Frameworks"; "LD_RUNPATH_SEARCH_PATHS[sdk=macosx*]" = "$(inherited) @executable_path/../Frameworks"; ENABLE_HARDENED_RUNTIME = YES; SWIFT_EMIT_LOC_STRINGS = YES; }; name = Release;};
		C890057F251B2DF634275C6C /* Debug */ = {isa = XCBuildConfiguration; buildSettings = {SDKROOT = auto; SUPPORTED_PLATFORMS = "iphoneos iphonesimulator macosx"; SUPPORTS_MACCATALYST = NO; SUPPORTS_MAC_DESIGNED_FOR_IPHONE_IPAD = NO; SUPPORTS_XR_DESIGNED_FOR_IPHONE_IPAD = NO; TARGETED_DEVICE_FAMILY = "1,2"; IPHONEOS_DEPLOYMENT_TARGET = 17.0; MACOSX_DEPLOYMENT_TARGET = 14.0; SWIFT_VERSION = 5.0; CODE_SIGN_STYLE = Automatic; "CODE_SIGN_IDENTITY[sdk=macosx*]" = "-"; CURRENT_PROJECT_VERSION = 1; MARKETING_VERSION = 0.1.0; PRODUCT_BUNDLE_IDENTIFIER = com.aglyn.app.tests; PRODUCT_NAME = "$(TARGET_NAME)"; GENERATE_INFOPLIST_FILE = YES; TEST_TARGET_NAME = Aglyn; BUNDLE_LOADER = "$(TEST_HOST)"; TEST_HOST = "$(BUILT_PRODUCTS_DIR)/Aglyn.app/$(BUNDLE_EXECUTABLE_FOLDER_PATH)/Aglyn"; }; name = Debug;};
		E7FDC0669FF016FAD58A0FFA /* Debug */ = {isa = XCBuildConfiguration; baseConfigurationReference = DF8CE46B65B768B36D0025E5 /* Emulator.xcconfig */; buildSettings = {ALWAYS_SEARCH_USER_PATHS = NO; ASSETCATALOG_COMPILER_GENERATE_SWIFT_ASSET_SYMBOL_EXTENSIONS = YES; CLANG_ENABLE_MODULES = YES; CLANG_ENABLE_OBJC_ARC = YES; ENABLE_STRICT_OBJC_MSGSEND = YES; ENABLE_USER_SCRIPT_SANDBOXING = YES; GCC_C_LANGUAGE_STANDARD = gnu17; LOCALIZATION_PREFERS_STRING_CATALOGS = YES; SWIFT_EMIT_LOC_STRINGS = YES; IPHONEOS_DEPLOYMENT_TARGET = 17.0; MACOSX_DEPLOYMENT_TARGET = 14.0; DEBUG_INFORMATION_FORMAT = dwarf; ENABLE_TESTABILITY = YES; GCC_OPTIMIZATION_LEVEL = 0; ONLY_ACTIVE_ARCH = YES; SWIFT_ACTIVE_COMPILATION_CONDITIONS = "DEBUG $(inherited)"; SWIFT_OPTIMIZATION_LEVEL = "-Onone"; MTL_ENABLE_DEBUG_INFO = INCLUDE_SOURCE; GCC_PREPROCESSOR_DEFINITIONS = ("DEBUG=1", "$(inherited)", ); }; name = Debug;};
/* End XCBuildConfiguration section */

/* Begin XCConfigurationList section */
		8758BB5A0BFE22E555C0B647 /* Build configuration list for PBXProject "Aglyn" */ = {isa = XCConfigurationList; buildConfigurations = (E7FDC0669FF016FAD58A0FFA /* Debug */, 613F374DCBAB0956F5E15CD3 /* Release */, ); defaultConfigurationIsVisible = 0; defaultConfigurationName = Release;};
		9D0C5C4F54D8D0015FBFBFCD /* Build configuration list for PBXNativeTarget "Aglyn" */ = {isa = XCConfigurationList; buildConfigurations = (92156C0215C7DC1D84435696 /* Debug */, 97C8BDCAFBA7E8923C387F8F /* Release */, ); defaultConfigurationIsVisible = 0; defaultConfigurationName = Release;};
		A5DBF1A1FA78B279ECAF1AA3 /* Build configuration list for PBXNativeTarget "AglynTests" */ = {isa = XCConfigurationList; buildConfigurations = (C890057F251B2DF634275C6C /* Debug */, 3677C4F8A85D54C98C351B34 /* Release */, ); defaultConfigurationIsVisible = 0; defaultConfigurationName = Release;};
		A975981D1FEAFD257ECD84A4 /* Build configuration list for PBXNativeTarget "AglynUITests" */ = {isa = XCConfigurationList; buildConfigurations = (50DB49532CF3D84E07B1C9E6 /* Debug */, 046838507AF7B84E1E2E39B2 /* Release */, ); defaultConfigurationIsVisible = 0; defaultConfigurationName = Release;};
		C548F7B561FEA6DF495ABC92 /* Build configuration list for PBXNativeTarget "AglynPOS" */ = {isa = XCConfigurationList; buildConfigurations = (4539B7856029CD52DC9680B5 /* Debug */, 6B2C87A3CB6B85DC7CF1B7A1 /* Release */, ); defaultConfigurationIsVisible = 0; defaultConfigurationName = Release;};
/* End XCConfigurationList section */

/* Begin XCLocalSwiftPackageReference section */
		86ADD362F3CE5DBB597D25C7 /* XCLocalSwiftPackageReference "PluginManifest" */ = {isa = XCLocalSwiftPackageReference; relativePath = PluginManifest;};
		F135603571A1EB1F7141E8F0 /* XCLocalSwiftPackageReference "../../libs/native/apple" */ = {isa = XCLocalSwiftPackageReference; relativePath = ../../libs/native/apple;};
/* End XCLocalSwiftPackageReference section */

/* Begin XCSwiftPackageProductDependency section */
		2348D26AB644D2C74E427C34 /* AglynPluginHost */ = {isa = XCSwiftPackageProductDependency; package = F135603571A1EB1F7141E8F0; productName = AglynPluginHost;};
		2774135650C189CE1AC5F22D /* AglynPluginManifest */ = {isa = XCSwiftPackageProductDependency; package = 86ADD362F3CE5DBB597D25C7; productName = AglynPluginManifest;};
		5F43A653C8016ECEDE7F3494 /* AglynPluginManifest */ = {isa = XCSwiftPackageProductDependency; package = 86ADD362F3CE5DBB597D25C7; productName = AglynPluginManifest;};
		712ED5AA68C7A7EBF31F5EE6 /* AglynWebView */ = {isa = XCSwiftPackageProductDependency; package = F135603571A1EB1F7141E8F0; productName = AglynWebView;};
		A1C3E5F7092B4D6F8A1C3E53 /* AglynSite */ = {isa = XCSwiftPackageProductDependency; package = F135603571A1EB1F7141E8F0; productName = AglynSite;};
		A1C3E5F7092B4D6F8A1C3E54 /* AglynSite */ = {isa = XCSwiftPackageProductDependency; package = F135603571A1EB1F7141E8F0; productName = AglynSite;};
		85B2DD35A9B4231F9A5BD6CB /* AglynCore */ = {isa = XCSwiftPackageProductDependency; package = F135603571A1EB1F7141E8F0; productName = AglynCore;};
		A230C080FD52708384E12A8E /* AglynCore */ = {isa = XCSwiftPackageProductDependency; package = F135603571A1EB1F7141E8F0; productName = AglynCore;};
		C0D558E4F96C628AE84471C7 /* AglynUI */ = {isa = XCSwiftPackageProductDependency; package = F135603571A1EB1F7141E8F0; productName = AglynUI;};
		C435DE73170A1D1733129D38 /* AglynPluginHost */ = {isa = XCSwiftPackageProductDependency; package = F135603571A1EB1F7141E8F0; productName = AglynPluginHost;};
		EB7E3D0CC9CB308D2A421593 /* AglynUI */ = {isa = XCSwiftPackageProductDependency; package = F135603571A1EB1F7141E8F0; productName = AglynUI;};
		F19172E2A4D584DACAD6A594 /* AglynWebView */ = {isa = XCSwiftPackageProductDependency; package = F135603571A1EB1F7141E8F0; productName = AglynWebView;};
		A1C0DE5C2EE5A0B1C2D3E4F1 /* AglynScreens */ = {isa = XCSwiftPackageProductDependency; package = F135603571A1EB1F7141E8F0; productName = AglynScreens;};
		A1C0DE5C2EE5A0B1C2D3E4F3 /* AglynScreens */ = {isa = XCSwiftPackageProductDependency; package = F135603571A1EB1F7141E8F0; productName = AglynScreens;};
/* End XCSwiftPackageProductDependency section */

	};
	rootObject = F81575E8A1B51231D0991676 /* Project object */;
}
